
Microsoft Visual Studio Solution File, Format Version 12.00
# Visual Studio Version 17
VisualStudioVersion = 17.8.34511.84
MinimumVisualStudioVersion = 10.0.40219.1
Project("{FAE04EC0-301F-11D3-BF4B-00C04F79EFBC}") = "01.Problem", "01.Problem\01.Problem.csproj", "{2C066A6F-C41B-46BA-976D-68BB5E5A9A06}"
EndProject
Project("{FAE04EC0-301F-11D3-BF4B-00C04F79EFBC}") = "02.Problem", "02.Problem\02.Problem.csproj", "{7DBC27E8-9F94-4F3E-A7F6-7792D79E0489}"
EndProject
Global
	GlobalSection(SolutionConfigurationPlatforms) = preSolution
		Debug|Any CPU = Debug|Any CPU
		Release|Any CPU = Release|Any CPU
	EndGlobalSection
	GlobalSection(ProjectConfigurationPlatforms) = postSolution
		{2C066A6F-C41B-46BA-976D-68BB5E5A9A06}.Debug|Any CPU.ActiveCfg = Debug|Any CPU
		{2C066A6F-C41B-46BA-976D-68BB5E5A9A06}.Debug|Any CPU.Build.0 = Debug|Any CPU
		{2C066A6F-C41B-46BA-976D-68BB5E5A9A06}.Release|Any CPU.ActiveCfg = Release|Any CPU
		{2C066A6F-C41B-46BA-976D-68BB5E5A9A06}.Release|Any CPU.Build.0 = Release|Any CPU
		{7DBC27E8-9F94-4F3E-A7F6-7792D79E0489}.Debug|Any CPU.ActiveCfg = Debug|Any CPU
		{7DBC27E8-9F94-4F3E-A7F6-7792D79E0489}.Debug|Any CPU.Build.0 = Debug|Any CPU
		{7DBC27E8-9F94-4F3E-A7F6-7792D79E0489}.Release|Any CPU.ActiveCfg = Release|Any CPU
		{7DBC27E8-9F94-4F3E-A7F6-7792D79E0489}.Release|Any CPU.Build.0 = Release|Any CPU
	EndGlobalSection
	GlobalSection(SolutionProperties) = preSolution
		HideSolutionNode = FALSE
	EndGlobalSection
	GlobalSection(ExtensibilityGlobals) = postSolution
		SolutionGuid = {FEE6BDAA-A272-49AA-8DF9-92A11CE8801C}
	EndGlobalSection
EndGlobal
