
Microsoft Visual Studio Solution File, Format Version 12.00
# Visual Studio Version 17
VisualStudioVersion = 17.8.34511.84
MinimumVisualStudioVersion = 10.0.40219.1
Project("{FAE04EC0-301F-11D3-BF4B-00C04F79EFBC}") = "ExamPreperation 1stSolution", "ExamPreperation 1stSolution\ExamPreperation 1stSolution.csproj", "{D671CBBC-6383-4AA8-B64E-5BB039832E6B}"
EndProject
Global
	GlobalSection(SolutionConfigurationPlatforms) = preSolution
		Debug|Any CPU = Debug|Any CPU
		Release|Any CPU = Release|Any CPU
	EndGlobalSection
	GlobalSection(ProjectConfigurationPlatforms) = postSolution
		{D671CBBC-6383-4AA8-B64E-5BB039832E6B}.Debug|Any CPU.ActiveCfg = Debug|Any CPU
		{D671CBBC-6383-4AA8-B64E-5BB039832E6B}.Debug|Any CPU.Build.0 = Debug|Any CPU
		{D671CBBC-6383-4AA8-B64E-5BB039832E6B}.Release|Any CPU.ActiveCfg = Release|Any CPU
		{D671CBBC-6383-4AA8-B64E-5BB039832E6B}.Release|Any CPU.Build.0 = Release|Any CPU
	EndGlobalSection
	GlobalSection(SolutionProperties) = preSolution
		HideSolutionNode = FALSE
	EndGlobalSection
	GlobalSection(ExtensibilityGlobals) = postSolution
		SolutionGuid = {B374E737-BB9A-47D1-9779-25F42861D9FC}
	EndGlobalSection
EndGlobal
